
Microsoft Visual Studio Solution File, Format Version 12.00
# Visual Studio Version 17
VisualStudioVersion = 17.9.34902.65
MinimumVisualStudioVersion = 10.0.40219.1
Project("{FAE04EC0-301F-11D3-BF4B-00C04F79EFBC}") = "1.TwoSum", "1.TwoSum\1.TwoSum.csproj", "{7E5AF7E7-50D2-4C97-8078-9055DFC0F80B}"
EndProject
Global
	GlobalSection(SolutionConfigurationPlatforms) = preSolution
		Debug|Any CPU = Debug|Any CPU
		Release|Any CPU = Release|Any CPU
	EndGlobalSection
	GlobalSection(ProjectConfigurationPlatforms) = postSolution
		{7E5AF7E7-50D2-4C97-8078-9055DFC0F80B}.Debug|Any CPU.ActiveCfg = Debug|Any CPU
		{7E5AF7E7-50D2-4C97-8078-9055DFC0F80B}.Debug|Any CPU.Build.0 = Debug|Any CPU
		{7E5AF7E7-50D2-4C97-8078-9055DFC0F80B}.Release|Any CPU.ActiveCfg = Release|Any CPU
		{7E5AF7E7-50D2-4C97-8078-9055DFC0F80B}.Release|Any CPU.Build.0 = Release|Any CPU
	EndGlobalSection
	GlobalSection(SolutionProperties) = preSolution
		HideSolutionNode = FALSE
	EndGlobalSection
	GlobalSection(ExtensibilityGlobals) = postSolution
		SolutionGuid = {CDF109CA-9341-40B9-B542-AA3A5B2A8238}
	EndGlobalSection
EndGlobal
